curly 1.1.1 https://github.com/guzba/curly 29558e2d2b76244a2c65fea08e9f4efff16c1997
libcurl 1.0.0 https://github.com/Araq/libcurl eecbfc31e17ae2f09f0b6d2aaefcfb970c7d2be4
fixxy 0.1.0 https://github.com/treeform/fixxy 05e5446dffb70093056cebb0c57721a60deaf52a
silky 0.2.0 https://github.com/treeform/silky b7f59fb7670a42bfe4302b327ec55ed11d76d0d4
pixie 6.1.0 https://github.com/treeform/pixie 30bb510877f02cbf9643e4f904e33d1c90f7910f
vmath 3.0.0 https://github.com/treeform/vmath bc260143102153b76328783e1c76c96e52c52a4b
chroma 1.0.0 https://github.com/treeform/chroma 08b0d65590221bb964544fd9badf29a146b9091a
zippy 0.10.20 https://github.com/guzba/zippy e41dfa36a19d739a2be7493211decadbe451031d
flatty 0.4.0 https://github.com/treeform/flatty 9c3f14cc287890b742196b4f0f74f0b9faab29cb
nimsimd 1.3.2 https://github.com/guzba/nimsimd dd27017fbfd1c6c00d37776a8f5d322bf6c5a83b
bumpy 1.1.3 https://github.com/treeform/bumpy 93583f6f8056a6259aaa96c89f4c143ba55bc6f0
crunchy 0.1.11 https://github.com/guzba/crunchy 98eb6526982bb8aae8eec6e8781f4539fa19e049
shady 0.1.5 https://github.com/treeform/shady c899f7cd17dbe7021d6e3aa2908e6de6549c47f1
windy 0.5.0 https://github.com/treeform/windy c9e19887b0ff143f382f5e99a0720ee01f9a9f51
opengl 1.2.9 https://github.com/nim-lang/opengl 8e2e098f82dc5eefd874488c37b5830233cd18f4
urlly 1.1.1 https://github.com/treeform/urlly 99784779f05649df25fd9c33003d8ef6de027345
ws 0.6.0 https://github.com/treeform/ws c9c0c7b51e2e83cc9305a895a0b144a297b4bea8
dx12 0.1.0 https://github.com/treeform/dx12 65049f4e2ec1acbbf1987bfa79817d472650c15e
vk14 0.1.0 https://github.com/treeform/vk14 183cf440d6460d97c6b35d6346079d9982f8cd57
metal4 0.1.0 https://github.com/treeform/metal4 e9ef085d38cdc7abf3d89670f3eae1754595b9f9
jsony 1.1.6 https://github.com/treeform/jsony c5874fb71435e3ced8ee0025822e15f5d0e8e622
fluffy 1.0.0 https://github.com/treeform/fluffy 535c5f234b41cd097b762203b5c216da1f4aeb1c
gltf 0.2.0 https://github.com/treeform/gltf adbf72a1dbfe797e5b87136cf9c1ad6665b222d9
webby 0.2.1 https://github.com/treeform/webby fe515be4ab5d02695289f88fca0d27f703a05599
noisy 0.4.5 https://github.com/guzba/noisy 9625ee0a9dbdae44c427df95a4f8de006c061150
benchy 0.1.0 https://github.com/treeform/benchy 6425417b578dc54008285aad020625b4b4f61f7b
mummy 0.4.8 https://github.com/guzba/mummy 01deb1ff694988635c7bf0f24f6088a0bdf6db5d
polyworld 0.1.0 https://github.com/Metta-AI/polyworld d46a6266ef9164ced5bdafc724d9782ef8c80d8e
